
Microsoft Visual Studio Solution File, Format Version 11.00
# Visual Studio 2010
Project("{8BC9CEB8-8B4A-11D0-8D11-00A0C91BC942}") = "PracenjeViseObjekata", "PracenjeViseObjekata\PracenjeViseObjekata.vcxproj", "{02D02304-2F02-4289-8BCC-3B20169ED410}"
EndProject
Global
	GlobalSection(SolutionConfigurationPlatforms) = preSolution
		Debug|Win32 = Debug|Win32
		Release|Win32 = Release|Win32
	EndGlobalSection
	GlobalSection(ProjectConfigurationPlatforms) = postSolution
		{02D02304-2F02-4289-8BCC-3B20169ED410}.Debug|Win32.ActiveCfg = Debug|Win32
		{02D02304-2F02-4289-8BCC-3B20169ED410}.Debug|Win32.Build.0 = Debug|Win32
		{02D02304-2F02-4289-8BCC-3B20169ED410}.Release|Win32.ActiveCfg = Release|Win32
		{02D02304-2F02-4289-8BCC-3B20169ED410}.Release|Win32.Build.0 = Release|Win32
	EndGlobalSection
	GlobalSection(SolutionProperties) = preSolution
		HideSolutionNode = FALSE
	EndGlobalSection
EndGlobal
